
Microsoft Visual Studio Solution File, Format Version 12.00
# Visual Studio 15
VisualStudioVersion = 15.0.27703.2026
MinimumVisualStudioVersion = 10.0.40219.1
Project("{FAE04EC0-301F-11D3-BF4B-00C04F79EFBC}") = "AspTrainingApp", "AspTrainingApp\AspTrainingApp.csproj", "{A98F5652-DE54-473A-AF96-216B67F45DD1}"
EndProject
Project("{FAE04EC0-301F-11D3-BF4B-00C04F79EFBC}") = "DataLayer", "DataLayer\DataLayer.csproj", "{2E281C15-1646-47F8-8A0C-6D3EB827B12D}"
EndProject
Project("{FAE04EC0-301F-11D3-BF4B-00C04F79EFBC}") = "BusinessLayer", "BusinessLayer\BusinessLayer.csproj", "{60CE83F8-95CD-4FC6-BAF3-ACF26A06BA9D}"
EndProject
Global
	GlobalSection(SolutionConfigurationPlatforms) = preSolution
		Debug|Any CPU = Debug|Any CPU
		Release|Any CPU = Release|Any CPU
	EndGlobalSection
	GlobalSection(ProjectConfigurationPlatforms) = postSolution
		{A98F5652-DE54-473A-AF96-216B67F45DD1}.Debug|Any CPU.ActiveCfg = Debug|Any CPU
		{A98F5652-DE54-473A-AF96-216B67F45DD1}.Debug|Any CPU.Build.0 = Debug|Any CPU
		{A98F5652-DE54-473A-AF96-216B67F45DD1}.Release|Any CPU.ActiveCfg = Release|Any CPU
		{A98F5652-DE54-473A-AF96-216B67F45DD1}.Release|Any CPU.Build.0 = Release|Any CPU
		{2E281C15-1646-47F8-8A0C-6D3EB827B12D}.Debug|Any CPU.ActiveCfg = Debug|Any CPU
		{2E281C15-1646-47F8-8A0C-6D3EB827B12D}.Debug|Any CPU.Build.0 = Debug|Any CPU
		{2E281C15-1646-47F8-8A0C-6D3EB827B12D}.Release|Any CPU.ActiveCfg = Release|Any CPU
		{2E281C15-1646-47F8-8A0C-6D3EB827B12D}.Release|Any CPU.Build.0 = Release|Any CPU
		{60CE83F8-95CD-4FC6-BAF3-ACF26A06BA9D}.Debug|Any CPU.ActiveCfg = Debug|Any CPU
		{60CE83F8-95CD-4FC6-BAF3-ACF26A06BA9D}.Debug|Any CPU.Build.0 = Debug|Any CPU
		{60CE83F8-95CD-4FC6-BAF3-ACF26A06BA9D}.Release|Any CPU.ActiveCfg = Release|Any CPU
		{60CE83F8-95CD-4FC6-BAF3-ACF26A06BA9D}.Release|Any CPU.Build.0 = Release|Any CPU
	EndGlobalSection
	GlobalSection(SolutionProperties) = preSolution
		HideSolutionNode = FALSE
	EndGlobalSection
	GlobalSection(ExtensibilityGlobals) = postSolution
		SolutionGuid = {997AD12D-3D0A-4EF7-B329-D044CFF0C6E6}
	EndGlobalSection
EndGlobal
